{
  "nodes": {
    "emacs-overlay": {
      "inputs": {
        "flake-utils": "flake-utils",
        "nixpkgs": "nixpkgs",
        "nixpkgs-stable": "nixpkgs-stable"
      },
      "locked": {
        "lastModified": 1689507145,
        "narHash": "sha256-2ojaMkso1b0StMq54HxQP/7CE6K69GwHCF4lc9qhLk0=",
        "owner": "nix-community",
        "repo": "emacs-overlay",
        "rev": "aa9011e25ca971ee914cc8db9224d213b691e8b0",
        "type": "github"
      },
      "original": {
        "owner": "nix-community",
        "repo": "emacs-overlay",
        "type": "github"
      }
    },
    "flake-compat": {
      "flake": false,
      "locked": {
        "lastModified": 1673956053,
        "narHash": "sha256-4gtG9iQuiKITOjNQQeQIpoIB6b16fm+504Ch3sNKLd8=",
        "owner": "edolstra",
        "repo": "flake-compat",
        "rev": "35bb57c0c8d8b62bbfd284272c928ceb64ddbde9",
        "type": "github"
      },
      "original": {
        "owner": "edolstra",
        "repo": "flake-compat",
        "type": "github"
      }
    },
    "flake-utils": {
      "inputs": {
        "systems": "systems"
      },
      "locked": {
        "lastModified": 1689068808,
        "narHash": "sha256-6ixXo3wt24N/melDWjq70UuHQLxGV8jZvooRanIHXw0=",
        "owner": "numtide",
        "repo": "flake-utils",
        "rev": "919d646de7be200f3bf08cb76ae1f09402b6f9b4",
        "type": "github"
      },
      "original": {
        "owner": "numtide",
        "repo": "flake-utils",
        "type": "github"
      }
    },
    "flake-utils_2": {
      "inputs": {
        "systems": "systems_2"
      },
      "locked": {
        "lastModified": 1681202837,
        "narHash": "sha256-H+Rh19JDwRtpVPAWp64F+rlEtxUWBAQW28eAi3SRSzg=",
        "owner": "numtide",
        "repo": "flake-utils",
        "rev": "cfacdce06f30d2b68473a46042957675eebb3401",
        "type": "github"
      },
      "original": {
        "owner": "numtide",
        "repo": "flake-utils",
        "type": "github"
      }
    },
    "flake-utils_3": {
      "locked": {
        "lastModified": 1656928814,
        "narHash": "sha256-RIFfgBuKz6Hp89yRr7+NR5tzIAbn52h8vT6vXkYjZoM=",
        "owner": "numtide",
        "repo": "flake-utils",
        "rev": "7e2a3b3dfd9af950a856d66b0a7d01e3c18aa249",
        "type": "github"
      },
      "original": {
        "owner": "numtide",
        "repo": "flake-utils",
        "type": "github"
      }
    },
    "flake-utils_4": {
      "locked": {
        "lastModified": 1656928814,
        "narHash": "sha256-RIFfgBuKz6Hp89yRr7+NR5tzIAbn52h8vT6vXkYjZoM=",
        "owner": "numtide",
        "repo": "flake-utils",
        "rev": "7e2a3b3dfd9af950a856d66b0a7d01e3c18aa249",
        "type": "github"
      },
      "original": {
        "owner": "numtide",
        "repo": "flake-utils",
        "type": "github"
      }
    },
    "flake-utils_5": {
      "inputs": {
        "systems": "systems_3"
      },
      "locked": {
        "lastModified": 1681202837,
        "narHash": "sha256-H+Rh19JDwRtpVPAWp64F+rlEtxUWBAQW28eAi3SRSzg=",
        "owner": "numtide",
        "repo": "flake-utils",
        "rev": "cfacdce06f30d2b68473a46042957675eebb3401",
        "type": "github"
      },
      "original": {
        "owner": "numtide",
        "repo": "flake-utils",
        "type": "github"
      }
    },
    "home-manager": {
      "inputs": {
        "nixpkgs": [
          "nixpkgs"
        ]
      },
      "locked": {
        "lastModified": 1689495092,
        "narHash": "sha256-yZu2j5FpLZEPhJQQutMCPTxa1VMigLPabLYvLTq6ASM=",
        "owner": "nix-community",
        "repo": "home-manager",
        "rev": "2f84579a70b8c74e5ebb37299a0c3ba279f09382",
        "type": "github"
      },
      "original": {
        "owner": "nix-community",
        "repo": "home-manager",
        "type": "github"
      }
    },
    "newmpkg": {
      "inputs": {
        "flake-utils": "flake-utils_2",
        "nixpkgs": [
          "nixpkgs"
        ],
        "pywmpkg": "pywmpkg"
      },
      "locked": {
        "lastModified": 1685880078,
        "narHash": "sha256-tvaeY5DjzgfXFtOzpEZqUziaixInJXgJk6MK0ExQG/I=",
        "owner": "~atha",
        "repo": "newm-atha",
        "rev": "9c075588b7486df885eb85fbf2861498bedbdd39",
        "type": "sourcehut"
      },
      "original": {
        "owner": "~atha",
        "repo": "newm-atha",
        "type": "sourcehut"
      }
    },
    "nixpkgs": {
      "locked": {
        "lastModified": 1689444953,
        "narHash": "sha256-0o56bfb2LC38wrinPdCGLDScd77LVcr7CrH1zK7qvDg=",
        "owner": "NixOS",
        "repo": "nixpkgs",
        "rev": "8acef304efe70152463a6399f73e636bcc363813",
        "type": "github"
      },
      "original": {
        "owner": "NixOS",
        "ref": "nixos-unstable",
        "repo": "nixpkgs",
        "type": "github"
      }
    },
    "nixpkgs-stable": {
      "locked": {
        "lastModified": 1689326639,
        "narHash": "sha256-79zi0t83Dcc2dE0NuYZ+2hqtKXZN1yWVq5mtx8D2d7Y=",
        "owner": "NixOS",
        "repo": "nixpkgs",
        "rev": "9fdfaeb7b96f05e869f838c73cde8d98c640c649",
        "type": "github"
      },
      "original": {
        "owner": "NixOS",
        "ref": "nixos-23.05",
        "repo": "nixpkgs",
        "type": "github"
      }
    },
    "nixpkgs_2": {
      "locked": {
        "lastModified": 1689444953,
        "narHash": "sha256-0o56bfb2LC38wrinPdCGLDScd77LVcr7CrH1zK7qvDg=",
        "owner": "nixos",
        "repo": "nixpkgs",
        "rev": "8acef304efe70152463a6399f73e636bcc363813",
        "type": "github"
      },
      "original": {
        "owner": "nixos",
        "ref": "nixos-unstable",
        "repo": "nixpkgs",
        "type": "github"
      }
    },
    "nixpkgs_3": {
      "locked": {
        "lastModified": 1684570954,
        "narHash": "sha256-FX5y4Sm87RWwfu9PI71XFvuRpZLowh00FQpIJ1WfXqE=",
        "owner": "NixOS",
        "repo": "nixpkgs",
        "rev": "3005f20ce0aaa58169cdee57c8aa12e5f1b6e1b3",
        "type": "github"
      },
      "original": {
        "owner": "NixOS",
        "ref": "nixos-unstable",
        "repo": "nixpkgs",
        "type": "github"
      }
    },
    "nur": {
      "locked": {
        "lastModified": 1689514105,
        "narHash": "sha256-utw5yvagtEl+eWICdi5a+15wzIiP5Ayy69OXkKryOYU=",
        "owner": "nix-community",
        "repo": "nur",
        "rev": "958251865f23082222f24e47f511db536d2be1b7",
        "type": "github"
      },
      "original": {
        "owner": "nix-community",
        "repo": "nur",
        "type": "github"
      }
    },
    "pywm": {
      "inputs": {
        "flake-utils": "flake-utils_4",
        "nixpkgs": [
          "pywm-fullscreenpkg",
          "nixpkgs"
        ]
      },
      "locked": {
        "lastModified": 1659183428,
        "narHash": "sha256-bMZPmSpaYuXAZB+jH/GevzJ5T7TBdCWavDBU1ieAKbw=",
        "owner": "jbuchermn",
        "repo": "pywm",
        "rev": "12d3ded1865d2b7f7b23111a6ceb753d2741df2a",
        "type": "github"
      },
      "original": {
        "owner": "jbuchermn",
        "repo": "pywm",
        "type": "github"
      }
    },
    "pywm-fullscreenpkg": {
      "inputs": {
        "flake-utils": "flake-utils_3",
        "nixpkgs": [
          "nixpkgs"
        ],
        "pywm": "pywm"
      },
      "locked": {
        "lastModified": 1659183815,
        "narHash": "sha256-g20ugdoow9cDrV3U0K5Pg852A8JVQe/wIY1MKBsAJi0=",
        "owner": "jbuchermn",
        "repo": "pywm-fullscreen",
        "rev": "d29459b8ea19bfc768b1e2c0507a84692bf0775f",
        "type": "github"
      },
      "original": {
        "owner": "jbuchermn",
        "repo": "pywm-fullscreen",
        "type": "github"
      }
    },
    "pywmpkg": {
      "inputs": {
        "flake-utils": [
          "newmpkg",
          "flake-utils"
        ],
        "nixpkgs": [
          "newmpkg",
          "nixpkgs"
        ]
      },
      "locked": {
        "lastModified": 1683389971,
        "narHash": "sha256-HI4jkvH+CCxSTDFcJ0R69tV7dD34NMFklGFDStU3uHo=",
        "owner": "~atha",
        "repo": "pywm-atha",
        "rev": "4bfa3c75ba6678aeed8b3b33b2c4f43453d4319a",
        "type": "sourcehut"
      },
      "original": {
        "owner": "~atha",
        "repo": "pywm-atha",
        "type": "sourcehut"
      }
    },
    "root": {
      "inputs": {
        "emacs-overlay": "emacs-overlay",
        "home-manager": "home-manager",
        "newmpkg": "newmpkg",
        "nixpkgs": "nixpkgs_2",
        "nur": "nur",
        "pywm-fullscreenpkg": "pywm-fullscreenpkg",
        "vscode-marketplace": "vscode-marketplace"
      }
    },
    "systems": {
      "locked": {
        "lastModified": 1681028828,
        "narHash": "sha256-Vy1rq5AaRuLzOxct8nz4T6wlgyUR7zLU309k9mBC768=",
        "owner": "nix-systems",
        "repo": "default",
        "rev": "da67096a3b9bf56a91d16901293e51ba5b49a27e",
        "type": "github"
      },
      "original": {
        "owner": "nix-systems",
        "repo": "default",
        "type": "github"
      }
    },
    "systems_2": {
      "locked": {
        "lastModified": 1681028828,
        "narHash": "sha256-Vy1rq5AaRuLzOxct8nz4T6wlgyUR7zLU309k9mBC768=",
        "owner": "nix-systems",
        "repo": "default",
        "rev": "da67096a3b9bf56a91d16901293e51ba5b49a27e",
        "type": "github"
      },
      "original": {
        "owner": "nix-systems",
        "repo": "default",
        "type": "github"
      }
    },
    "systems_3": {
      "locked": {
        "lastModified": 1681028828,
        "narHash": "sha256-Vy1rq5AaRuLzOxct8nz4T6wlgyUR7zLU309k9mBC768=",
        "owner": "nix-systems",
        "repo": "default",
        "rev": "da67096a3b9bf56a91d16901293e51ba5b49a27e",
        "type": "github"
      },
      "original": {
        "owner": "nix-systems",
        "repo": "default",
        "type": "github"
      }
    },
    "vscode-marketplace": {
      "inputs": {
        "flake-compat": "flake-compat",
        "flake-utils": "flake-utils_5",
        "nixpkgs": "nixpkgs_3"
      },
      "locked": {
        "lastModified": 1689473089,
        "narHash": "sha256-JLXEP6xUXNyIPJbnljWLM54G3/yUivzAUYEf/DSCxFA=",
        "owner": "nix-community",
        "repo": "nix-vscode-extensions",
        "rev": "f5cc265ac9aa53388db57c9e337f7cdabb821ff3",
        "type": "github"
      },
      "original": {
        "owner": "nix-community",
        "repo": "nix-vscode-extensions",
        "type": "github"
      }
    }
  },
  "root": "root",
  "version": 7
}
